{
  "nodes": {
    "fire-flake-config": {
      "locked": {
        "lastModified": 1749324004,
        "narHash": "sha256-52n+unFm/WFAgQqBmM8dfBEtY1hl6eWtydjHAo79IGY=",
        "ref": "refs/heads/main",
        "rev": "ec8b751f801011195233f44e3bd63ac9e50eb5b0",
        "revCount": 11,
        "type": "git",
        "url": "ssh://git@github.com/adhityaravi/fire-flake-config-ivdi.git"
      },
      "original": {
        "type": "git",
        "url": "ssh://git@github.com/adhityaravi/fire-flake-config-ivdi.git"
      }
    },
    "home-manager": {
      "inputs": {
        "nixpkgs": [
          "nixpkgs"
        ]
      },
      "locked": {
        "lastModified": 1749243446,
        "narHash": "sha256-P1gumhZN5N9q+39ndePHYrtwOwY1cGx+VoXGl+vTm7A=",
        "owner": "nix-community",
        "repo": "home-manager",
        "rev": "2d7d65f65b61fdfce23278e59ca266ddd0ef0a36",
        "type": "github"
      },
      "original": {
        "owner": "nix-community",
        "ref": "master",
        "repo": "home-manager",
        "type": "github"
      }
    },
    "nixpkgs": {
      "locked": {
        "lastModified": 1749143949,
        "narHash": "sha256-QuUtALJpVrPnPeozlUG/y+oIMSLdptHxb3GK6cpSVhA=",
        "owner": "NixOS",
        "repo": "nixpkgs",
        "rev": "d3d2d80a2191a73d1e86456a751b83aa13085d7d",
        "type": "github"
      },
      "original": {
        "owner": "NixOS",
        "ref": "nixos-unstable",
        "repo": "nixpkgs",
        "type": "github"
      }
    },
    "nur-packages": {
      "inputs": {
        "nixpkgs": [
          "nixpkgs"
        ]
      },
      "locked": {
        "lastModified": 1749331108,
        "narHash": "sha256-d9a3u91H7lTCWb2tBnoYY32V1iVkxU+tsae+ZxlJW1Y=",
        "owner": "adhityaravi",
        "repo": "nur-packages",
        "rev": "8ba3cf822d6accce2b44a776cb745365222ba6e0",
        "type": "github"
      },
      "original": {
        "owner": "adhityaravi",
        "repo": "nur-packages",
        "type": "github"
      }
    },
    "root": {
      "inputs": {
        "fire-flake-config": "fire-flake-config",
        "home-manager": "home-manager",
        "nixpkgs": "nixpkgs",
        "nur-packages": "nur-packages"
      }
    }
  },
  "root": "root",
  "version": 7
}
