{
  "nodes": {
    "fire-flake-config": {
      "locked": {
        "lastModified": 1749324004,
        "narHash": "sha256-52n+unFm/WFAgQqBmM8dfBEtY1hl6eWtydjHAo79IGY=",
        "ref": "refs/heads/main",
        "rev": "ec8b751f801011195233f44e3bd63ac9e50eb5b0",
        "revCount": 11,
        "type": "git",
        "url": "ssh://git@github.com/adhityaravi/fire-flake-config-ivdi.git"
      },
      "original": {
        "type": "git",
        "url": "ssh://git@github.com/adhityaravi/fire-flake-config-ivdi.git"
      }
    },
    "home-manager": {
      "inputs": {
        "nixpkgs": [
          "nixpkgs"
        ]
      },
      "locked": {
        "lastModified": 1749499854,
        "narHash": "sha256-V1BgwiX8NjbRreU6LC2EzmuqFSQAHhoSeNlYJyZ40NE=",
        "owner": "nix-community",
        "repo": "home-manager",
        "rev": "1df816c407d3a5090c8496c9b00170af7891f021",
        "type": "github"
      },
      "original": {
        "owner": "nix-community",
        "ref": "master",
        "repo": "home-manager",
        "type": "github"
      }
    },
    "nixpkgs": {
      "locked": {
        "lastModified": 1749285348,
        "narHash": "sha256-frdhQvPbmDYaScPFiCnfdh3B/Vh81Uuoo0w5TkWmmjU=",
        "owner": "NixOS",
        "repo": "nixpkgs",
        "rev": "3e3afe5174c561dee0df6f2c2b2236990146329f",
        "type": "github"
      },
      "original": {
        "owner": "NixOS",
        "ref": "nixos-unstable",
        "repo": "nixpkgs",
        "type": "github"
      }
    },
    "nurpkgs": {
      "inputs": {
        "nixpkgs": [
          "nixpkgs"
        ]
      },
      "locked": {
        "lastModified": 1749509972,
        "narHash": "sha256-2UTl9Fp0jQdu+L7fTkIM6RrfMrrt7BpSMJWmnI9KOXM=",
        "owner": "adhityaravi",
        "repo": "nurpkgs",
        "rev": "16aae6e40630c2f8c24d47f091db293292c47d48",
        "type": "github"
      },
      "original": {
        "owner": "adhityaravi",
        "repo": "nurpkgs",
        "type": "github"
      }
    },
    "root": {
      "inputs": {
        "fire-flake-config": "fire-flake-config",
        "home-manager": "home-manager",
        "nixpkgs": "nixpkgs",
        "nurpkgs": "nurpkgs"
      }
    }
  },
  "root": "root",
  "version": 7
}
